
Microsoft Visual Studio Solution File, Format Version 12.00
# Visual Studio Version 16
VisualStudioVersion = 16.0.29318.209
MinimumVisualStudioVersion = 10.0.40219.1
Project("{FAE04EC0-301F-11D3-BF4B-00C04F79EFBC}") = "Tester.Client", "Tester.Client\Tester.Client.csproj", "{EA4428E1-C7CE-4396-BD1A-C303A2F5F5BB}"
EndProject
Project("{FAE04EC0-301F-11D3-BF4B-00C04F79EFBC}") = "Tester.UI", "Tester.UI\Tester.UI.csproj", "{30FDB4A9-1801-4C19-96D1-927DA333830F}"
EndProject
Global
	GlobalSection(SolutionConfigurationPlatforms) = preSolution
		Debug|Any CPU = Debug|Any CPU
		Release|Any CPU = Release|Any CPU
	EndGlobalSection
	GlobalSection(ProjectConfigurationPlatforms) = postSolution
		{EA4428E1-C7CE-4396-BD1A-C303A2F5F5BB}.Debug|Any CPU.ActiveCfg = Debug|Any CPU
		{EA4428E1-C7CE-4396-BD1A-C303A2F5F5BB}.Debug|Any CPU.Build.0 = Debug|Any CPU
		{EA4428E1-C7CE-4396-BD1A-C303A2F5F5BB}.Release|Any CPU.ActiveCfg = Release|Any CPU
		{EA4428E1-C7CE-4396-BD1A-C303A2F5F5BB}.Release|Any CPU.Build.0 = Release|Any CPU
		{30FDB4A9-1801-4C19-96D1-927DA333830F}.Debug|Any CPU.ActiveCfg = Debug|Any CPU
		{30FDB4A9-1801-4C19-96D1-927DA333830F}.Debug|Any CPU.Build.0 = Debug|Any CPU
		{30FDB4A9-1801-4C19-96D1-927DA333830F}.Release|Any CPU.ActiveCfg = Release|Any CPU
		{30FDB4A9-1801-4C19-96D1-927DA333830F}.Release|Any CPU.Build.0 = Release|Any CPU
	EndGlobalSection
	GlobalSection(SolutionProperties) = preSolution
		HideSolutionNode = FALSE
	EndGlobalSection
	GlobalSection(ExtensibilityGlobals) = postSolution
		SolutionGuid = {2AAF09F6-76F4-4D26-864A-250C54E22F22}
	EndGlobalSection
EndGlobal
